<Solution>
  <Folder Name="/src/">
    <Project Path="src/ProjectManager.API/ProjectManager.API.csproj" />
  </Folder>
  <Folder Name="/tests/">
    <Project Path="tests/ProjectManager.Tests/ProjectManager.Tests.csproj" />
    <Project Path="tests/ProjectManager.IntegrationTests/ProjectManager.IntegrationTests.csproj" />
  </Folder>
</Solution>
